
Microsoft Visual Studio Solution File, Format Version 10.00
# Visual Studio 2008
Project("{8BC9CEB8-8B4A-11D0-8D11-00A0C91BC942}") = "RenameFiles", "RenameFiles\RenameFiles.vcproj", "{36A55424-F3FC-45BE-A7B9-F45C435FB63A}"
EndProject
Global
	GlobalSection(SolutionConfigurationPlatforms) = preSolution
		Debug|Win32 = Debug|Win32
		Release|Win32 = Release|Win32
	EndGlobalSection
	GlobalSection(ProjectConfigurationPlatforms) = postSolution
		{36A55424-F3FC-45BE-A7B9-F45C435FB63A}.Debug|Win32.ActiveCfg = Debug|Win32
		{36A55424-F3FC-45BE-A7B9-F45C435FB63A}.Debug|Win32.Build.0 = Debug|Win32
		{36A55424-F3FC-45BE-A7B9-F45C435FB63A}.Release|Win32.ActiveCfg = Release|Win32
		{36A55424-F3FC-45BE-A7B9-F45C435FB63A}.Release|Win32.Build.0 = Release|Win32
	EndGlobalSection
	GlobalSection(SolutionProperties) = preSolution
		HideSolutionNode = FALSE
	EndGlobalSection
EndGlobal
