
Microsoft Visual Studio Solution File, Format Version 10.00
# Visual Studio 2008
Project("{8BC9CEB8-8B4A-11D0-8D11-00A0C91BC942}") = "RenameFiles", "RenameFiles\RenameFiles.vcproj", "{36A55424-F3FC-45BE-A7B9-F45C435FB63A}"
EndProject
Project("{8BC9CEB8-8B4A-11D0-8D11-00A0C91BC942}") = "BackupDirectory", "BackupDirectory\BackupDirectory.vcproj", "{78C1C048-52D9-4C85-BCC5-36BD95630347}"
EndProject
Project("{8BC9CEB8-8B4A-11D0-8D11-00A0C91BC942}") = "Tail", "Tail\Tail.vcproj", "{5BDA6C2D-4536-4584-9C99-B15F4C40353F}"
EndProject
Project("{8BC9CEB8-8B4A-11D0-8D11-00A0C91BC942}") = "CleanDisk", "CleanDisk\CleanDisk.vcproj", "{F742C9B7-4317-48B5-84C0-5AF04ADE6816}"
EndProject
Project("{8BC9CEB8-8B4A-11D0-8D11-00A0C91BC942}") = "ExecTime", "ExecTime\ExecTime.vcproj", "{3067F168-1EA1-4D2C-9DBC-EA6EB7824CD0}"
EndProject
Project("{8BC9CEB8-8B4A-11D0-8D11-00A0C91BC942}") = "ResizeImage", "ResizeImage\ResizeImage.vcproj", "{A1ECBA68-CB82-4ADA-BA1E-AF8654BA4B53}"
EndProject
Project("{8BC9CEB8-8B4A-11D0-8D11-00A0C91BC942}") = "RemoveBOM", "RemoveBOM\RemoveBOM.vcproj", "{8DFD6E9F-D814-4A01-AC21-5E4249C7691D}"
EndProject
Project("{8BC9CEB8-8B4A-11D0-8D11-00A0C91BC942}") = "PrintDoc", "PrintDoc\PrintDoc.vcproj", "{C08BEFBB-8E6A-4946-96C7-CFCD3CA2FF82}"
EndProject
Project("{8BC9CEB8-8B4A-11D0-8D11-00A0C91BC942}") = "RemoveSVN", "RemoveSVN\RemoveSVN.vcproj", "{BE338F7F-5A57-4E0E-B875-E6BA4102ED62}"
EndProject
Project("{8BC9CEB8-8B4A-11D0-8D11-00A0C91BC942}") = "CopyFile", "CopyFile\CopyFile.vcproj", "{157A49A3-D2EF-407F-BC17-9A846A1FD70C}"
EndProject
Project("{8BC9CEB8-8B4A-11D0-8D11-00A0C91BC942}") = "KillProcess", "KillProcess\KillProcess.vcproj", "{C9F496CC-D50C-45F9-BDD6-097BEFDFB20A}"
EndProject
Project("{8BC9CEB8-8B4A-11D0-8D11-00A0C91BC942}") = "DiffFile", "DiffFile\DiffFile.vcproj", "{91859FAA-D11C-4EA0-8062-492BF03C4201}"
EndProject
Project("{8BC9CEB8-8B4A-11D0-8D11-00A0C91BC942}") = "CropImage", "CropImage\CropImage.vcproj", "{5E4AC084-1FC4-4B25-9712-E20EB956F95D}"
EndProject
Project("{8BC9CEB8-8B4A-11D0-8D11-00A0C91BC942}") = "ThumbnailImage", "ThumbnailImage\ThumbnailImage.vcproj", "{86A7CA11-02C8-4315-9523-E17FE9143E7A}"
EndProject
Project("{8BC9CEB8-8B4A-11D0-8D11-00A0C91BC942}") = "PcapViewer", "PcapViewer\PcapViewer.vcproj", "{35B3B2B6-D239-4EF4-916C-1B5ADCDC04BD}"
EndProject
Project("{8BC9CEB8-8B4A-11D0-8D11-00A0C91BC942}") = "Utf8ToAnsi", "Utf8ToAnsi\Utf8ToAnsi.vcproj", "{13520982-DF22-447B-A46E-47D0288A3F1F}"
EndProject
Project("{8BC9CEB8-8B4A-11D0-8D11-00A0C91BC942}") = "CpuOverload", "CpuOverload\CpuOverload.vcproj", "{FC708AA8-882F-47F4-A2E2-B2212F0D9EF1}"
EndProject
Project("{8BC9CEB8-8B4A-11D0-8D11-00A0C91BC942}") = "DosCropImage", "DosCropImage\DosCropImage.vcproj", "{AA155241-24A1-451B-B787-EA9E37CB055A}"
EndProject
Project("{8BC9CEB8-8B4A-11D0-8D11-00A0C91BC942}") = "ShowTransparentImage", "ShowTransparentImage\ShowTransparentImage.vcproj", "{FFBA9A9B-A214-429D-8190-9D00957670FC}"
EndProject
Project("{8BC9CEB8-8B4A-11D0-8D11-00A0C91BC942}") = "SourceCodeLine", "SourceCodeLine\SourceCodeLine.vcproj", "{2A06708A-FD8B-4302-A328-C079130B16ED}"
EndProject
Project("{8BC9CEB8-8B4A-11D0-8D11-00A0C91BC942}") = "Percent", "Percent\Percent.vcproj", "{54829D8F-D329-4DCF-8008-F1A1AA2216E1}"
EndProject
Project("{8BC9CEB8-8B4A-11D0-8D11-00A0C91BC942}") = "PcapToText", "PcapToText\PcapToText.vcproj", "{0ACC8BA2-445B-4376-8F8F-BC3905565191}"
EndProject
Project("{8BC9CEB8-8B4A-11D0-8D11-00A0C91BC942}") = "PcapSend", "PcapSend\PcapSend.vcproj", "{64F4FB93-2DDA-426B-AB52-1B9F04AB9945}"
EndProject
Project("{8BC9CEB8-8B4A-11D0-8D11-00A0C91BC942}") = "TTS", "TTS\TTS.vcproj", "{F15E673D-B867-4F89-B067-39C60CADDE75}"
EndProject
Project("{8BC9CEB8-8B4A-11D0-8D11-00A0C91BC942}") = "PrintExtList", "PrintExtList\PrintExtList.vcproj", "{5D36F603-642E-443A-B133-1B62A20CB9F5}"
EndProject
Project("{8BC9CEB8-8B4A-11D0-8D11-00A0C91BC942}") = "LoadDll", "LoadDll\LoadDll.vcproj", "{4EC30732-57ED-4742-A9DF-D98E60C5CA0A}"
EndProject
Project("{8BC9CEB8-8B4A-11D0-8D11-00A0C91BC942}") = "AddBOM", "AddBOM\AddBOM.vcproj", "{D3291CB4-17E6-4D28-8870-DB25ACE463FA}"
EndProject
Project("{8BC9CEB8-8B4A-11D0-8D11-00A0C91BC942}") = "RemoveEmptyDirectory", "RemoveEmptyDirectory\RemoveEmptyDirectory.vcproj", "{F06529B2-7931-4E57-9145-7F7FD4BB1135}"
EndProject
Project("{8BC9CEB8-8B4A-11D0-8D11-00A0C91BC942}") = "PrintSshdFailed", "PrintSshdFailed\PrintSshdFailed.vcproj", "{120C5F72-8062-4AA8-B0E5-4EF8D5197C90}"
EndProject
Project("{8BC9CEB8-8B4A-11D0-8D11-00A0C91BC942}") = "ChangeMp3Tag", "ChangeMp3Tag\ChangeMp3Tag.vcproj", "{66F0F301-53C2-46D9-918C-7F47DCBD5F08}"
EndProject
Project("{8BC9CEB8-8B4A-11D0-8D11-00A0C91BC942}") = "TcpRecv", "TcpRecv\TcpRecv.vcproj", "{E4674150-0292-4196-ABE6-CA1C0B2C9A01}"
EndProject
Global
	GlobalSection(SolutionConfigurationPlatforms) = preSolution
		Debug|Win32 = Debug|Win32
		Release|Win32 = Release|Win32
	EndGlobalSection
	GlobalSection(ProjectConfigurationPlatforms) = postSolution
		{36A55424-F3FC-45BE-A7B9-F45C435FB63A}.Debug|Win32.ActiveCfg = Debug|Win32
		{36A55424-F3FC-45BE-A7B9-F45C435FB63A}.Debug|Win32.Build.0 = Debug|Win32
		{36A55424-F3FC-45BE-A7B9-F45C435FB63A}.Release|Win32.ActiveCfg = Release|Win32
		{36A55424-F3FC-45BE-A7B9-F45C435FB63A}.Release|Win32.Build.0 = Release|Win32
		{78C1C048-52D9-4C85-BCC5-36BD95630347}.Debug|Win32.ActiveCfg = Debug|Win32
		{78C1C048-52D9-4C85-BCC5-36BD95630347}.Debug|Win32.Build.0 = Debug|Win32
		{78C1C048-52D9-4C85-BCC5-36BD95630347}.Release|Win32.ActiveCfg = Release|Win32
		{78C1C048-52D9-4C85-BCC5-36BD95630347}.Release|Win32.Build.0 = Release|Win32
		{5BDA6C2D-4536-4584-9C99-B15F4C40353F}.Debug|Win32.ActiveCfg = Debug|Win32
		{5BDA6C2D-4536-4584-9C99-B15F4C40353F}.Debug|Win32.Build.0 = Debug|Win32
		{5BDA6C2D-4536-4584-9C99-B15F4C40353F}.Release|Win32.ActiveCfg = Release|Win32
		{5BDA6C2D-4536-4584-9C99-B15F4C40353F}.Release|Win32.Build.0 = Release|Win32
		{F742C9B7-4317-48B5-84C0-5AF04ADE6816}.Debug|Win32.ActiveCfg = Debug|Win32
		{F742C9B7-4317-48B5-84C0-5AF04ADE6816}.Debug|Win32.Build.0 = Debug|Win32
		{F742C9B7-4317-48B5-84C0-5AF04ADE6816}.Release|Win32.ActiveCfg = Release|Win32
		{F742C9B7-4317-48B5-84C0-5AF04ADE6816}.Release|Win32.Build.0 = Release|Win32
		{3067F168-1EA1-4D2C-9DBC-EA6EB7824CD0}.Debug|Win32.ActiveCfg = Debug|Win32
		{3067F168-1EA1-4D2C-9DBC-EA6EB7824CD0}.Debug|Win32.Build.0 = Debug|Win32
		{3067F168-1EA1-4D2C-9DBC-EA6EB7824CD0}.Release|Win32.ActiveCfg = Release|Win32
		{3067F168-1EA1-4D2C-9DBC-EA6EB7824CD0}.Release|Win32.Build.0 = Release|Win32
		{A1ECBA68-CB82-4ADA-BA1E-AF8654BA4B53}.Debug|Win32.ActiveCfg = Debug|Win32
		{A1ECBA68-CB82-4ADA-BA1E-AF8654BA4B53}.Debug|Win32.Build.0 = Debug|Win32
		{A1ECBA68-CB82-4ADA-BA1E-AF8654BA4B53}.Release|Win32.ActiveCfg = Release|Win32
		{A1ECBA68-CB82-4ADA-BA1E-AF8654BA4B53}.Release|Win32.Build.0 = Release|Win32
		{8DFD6E9F-D814-4A01-AC21-5E4249C7691D}.Debug|Win32.ActiveCfg = Debug|Win32
		{8DFD6E9F-D814-4A01-AC21-5E4249C7691D}.Debug|Win32.Build.0 = Debug|Win32
		{8DFD6E9F-D814-4A01-AC21-5E4249C7691D}.Release|Win32.ActiveCfg = Release|Win32
		{8DFD6E9F-D814-4A01-AC21-5E4249C7691D}.Release|Win32.Build.0 = Release|Win32
		{C08BEFBB-8E6A-4946-96C7-CFCD3CA2FF82}.Debug|Win32.ActiveCfg = Debug|Win32
		{C08BEFBB-8E6A-4946-96C7-CFCD3CA2FF82}.Debug|Win32.Build.0 = Debug|Win32
		{C08BEFBB-8E6A-4946-96C7-CFCD3CA2FF82}.Release|Win32.ActiveCfg = Release|Win32
		{C08BEFBB-8E6A-4946-96C7-CFCD3CA2FF82}.Release|Win32.Build.0 = Release|Win32
		{BE338F7F-5A57-4E0E-B875-E6BA4102ED62}.Debug|Win32.ActiveCfg = Debug|Win32
		{BE338F7F-5A57-4E0E-B875-E6BA4102ED62}.Debug|Win32.Build.0 = Debug|Win32
		{BE338F7F-5A57-4E0E-B875-E6BA4102ED62}.Release|Win32.ActiveCfg = Release|Win32
		{BE338F7F-5A57-4E0E-B875-E6BA4102ED62}.Release|Win32.Build.0 = Release|Win32
		{157A49A3-D2EF-407F-BC17-9A846A1FD70C}.Debug|Win32.ActiveCfg = Debug|Win32
		{157A49A3-D2EF-407F-BC17-9A846A1FD70C}.Debug|Win32.Build.0 = Debug|Win32
		{157A49A3-D2EF-407F-BC17-9A846A1FD70C}.Release|Win32.ActiveCfg = Release|Win32
		{157A49A3-D2EF-407F-BC17-9A846A1FD70C}.Release|Win32.Build.0 = Release|Win32
		{C9F496CC-D50C-45F9-BDD6-097BEFDFB20A}.Debug|Win32.ActiveCfg = Debug|Win32
		{C9F496CC-D50C-45F9-BDD6-097BEFDFB20A}.Debug|Win32.Build.0 = Debug|Win32
		{C9F496CC-D50C-45F9-BDD6-097BEFDFB20A}.Release|Win32.ActiveCfg = Release|Win32
		{C9F496CC-D50C-45F9-BDD6-097BEFDFB20A}.Release|Win32.Build.0 = Release|Win32
		{91859FAA-D11C-4EA0-8062-492BF03C4201}.Debug|Win32.ActiveCfg = Debug|Win32
		{91859FAA-D11C-4EA0-8062-492BF03C4201}.Debug|Win32.Build.0 = Debug|Win32
		{91859FAA-D11C-4EA0-8062-492BF03C4201}.Release|Win32.ActiveCfg = Release|Win32
		{91859FAA-D11C-4EA0-8062-492BF03C4201}.Release|Win32.Build.0 = Release|Win32
		{5E4AC084-1FC4-4B25-9712-E20EB956F95D}.Debug|Win32.ActiveCfg = Debug|Win32
		{5E4AC084-1FC4-4B25-9712-E20EB956F95D}.Debug|Win32.Build.0 = Debug|Win32
		{5E4AC084-1FC4-4B25-9712-E20EB956F95D}.Release|Win32.ActiveCfg = Release|Win32
		{5E4AC084-1FC4-4B25-9712-E20EB956F95D}.Release|Win32.Build.0 = Release|Win32
		{86A7CA11-02C8-4315-9523-E17FE9143E7A}.Debug|Win32.ActiveCfg = Debug|Win32
		{86A7CA11-02C8-4315-9523-E17FE9143E7A}.Debug|Win32.Build.0 = Debug|Win32
		{86A7CA11-02C8-4315-9523-E17FE9143E7A}.Release|Win32.ActiveCfg = Release|Win32
		{86A7CA11-02C8-4315-9523-E17FE9143E7A}.Release|Win32.Build.0 = Release|Win32
		{35B3B2B6-D239-4EF4-916C-1B5ADCDC04BD}.Debug|Win32.ActiveCfg = Debug|Win32
		{35B3B2B6-D239-4EF4-916C-1B5ADCDC04BD}.Debug|Win32.Build.0 = Debug|Win32
		{35B3B2B6-D239-4EF4-916C-1B5ADCDC04BD}.Release|Win32.ActiveCfg = Release|Win32
		{35B3B2B6-D239-4EF4-916C-1B5ADCDC04BD}.Release|Win32.Build.0 = Release|Win32
		{13520982-DF22-447B-A46E-47D0288A3F1F}.Debug|Win32.ActiveCfg = Debug|Win32
		{13520982-DF22-447B-A46E-47D0288A3F1F}.Debug|Win32.Build.0 = Debug|Win32
		{13520982-DF22-447B-A46E-47D0288A3F1F}.Release|Win32.ActiveCfg = Release|Win32
		{13520982-DF22-447B-A46E-47D0288A3F1F}.Release|Win32.Build.0 = Release|Win32
		{FC708AA8-882F-47F4-A2E2-B2212F0D9EF1}.Debug|Win32.ActiveCfg = Debug|Win32
		{FC708AA8-882F-47F4-A2E2-B2212F0D9EF1}.Debug|Win32.Build.0 = Debug|Win32
		{FC708AA8-882F-47F4-A2E2-B2212F0D9EF1}.Release|Win32.ActiveCfg = Release|Win32
		{FC708AA8-882F-47F4-A2E2-B2212F0D9EF1}.Release|Win32.Build.0 = Release|Win32
		{AA155241-24A1-451B-B787-EA9E37CB055A}.Debug|Win32.ActiveCfg = Debug|Win32
		{AA155241-24A1-451B-B787-EA9E37CB055A}.Debug|Win32.Build.0 = Debug|Win32
		{AA155241-24A1-451B-B787-EA9E37CB055A}.Release|Win32.ActiveCfg = Release|Win32
		{AA155241-24A1-451B-B787-EA9E37CB055A}.Release|Win32.Build.0 = Release|Win32
		{FFBA9A9B-A214-429D-8190-9D00957670FC}.Debug|Win32.ActiveCfg = Debug|Win32
		{FFBA9A9B-A214-429D-8190-9D00957670FC}.Debug|Win32.Build.0 = Debug|Win32
		{FFBA9A9B-A214-429D-8190-9D00957670FC}.Release|Win32.ActiveCfg = Release|Win32
		{FFBA9A9B-A214-429D-8190-9D00957670FC}.Release|Win32.Build.0 = Release|Win32
		{2A06708A-FD8B-4302-A328-C079130B16ED}.Debug|Win32.ActiveCfg = Debug|Win32
		{2A06708A-FD8B-4302-A328-C079130B16ED}.Debug|Win32.Build.0 = Debug|Win32
		{2A06708A-FD8B-4302-A328-C079130B16ED}.Release|Win32.ActiveCfg = Release|Win32
		{2A06708A-FD8B-4302-A328-C079130B16ED}.Release|Win32.Build.0 = Release|Win32
		{54829D8F-D329-4DCF-8008-F1A1AA2216E1}.Debug|Win32.ActiveCfg = Debug|Win32
		{54829D8F-D329-4DCF-8008-F1A1AA2216E1}.Debug|Win32.Build.0 = Debug|Win32
		{54829D8F-D329-4DCF-8008-F1A1AA2216E1}.Release|Win32.ActiveCfg = Release|Win32
		{54829D8F-D329-4DCF-8008-F1A1AA2216E1}.Release|Win32.Build.0 = Release|Win32
		{0ACC8BA2-445B-4376-8F8F-BC3905565191}.Debug|Win32.ActiveCfg = Debug|Win32
		{0ACC8BA2-445B-4376-8F8F-BC3905565191}.Debug|Win32.Build.0 = Debug|Win32
		{0ACC8BA2-445B-4376-8F8F-BC3905565191}.Release|Win32.ActiveCfg = Release|Win32
		{0ACC8BA2-445B-4376-8F8F-BC3905565191}.Release|Win32.Build.0 = Release|Win32
		{64F4FB93-2DDA-426B-AB52-1B9F04AB9945}.Debug|Win32.ActiveCfg = Debug|Win32
		{64F4FB93-2DDA-426B-AB52-1B9F04AB9945}.Debug|Win32.Build.0 = Debug|Win32
		{64F4FB93-2DDA-426B-AB52-1B9F04AB9945}.Release|Win32.ActiveCfg = Release|Win32
		{64F4FB93-2DDA-426B-AB52-1B9F04AB9945}.Release|Win32.Build.0 = Release|Win32
		{F15E673D-B867-4F89-B067-39C60CADDE75}.Debug|Win32.ActiveCfg = Debug|Win32
		{F15E673D-B867-4F89-B067-39C60CADDE75}.Debug|Win32.Build.0 = Debug|Win32
		{F15E673D-B867-4F89-B067-39C60CADDE75}.Release|Win32.ActiveCfg = Release|Win32
		{F15E673D-B867-4F89-B067-39C60CADDE75}.Release|Win32.Build.0 = Release|Win32
		{5D36F603-642E-443A-B133-1B62A20CB9F5}.Debug|Win32.ActiveCfg = Debug|Win32
		{5D36F603-642E-443A-B133-1B62A20CB9F5}.Debug|Win32.Build.0 = Debug|Win32
		{5D36F603-642E-443A-B133-1B62A20CB9F5}.Release|Win32.ActiveCfg = Release|Win32
		{5D36F603-642E-443A-B133-1B62A20CB9F5}.Release|Win32.Build.0 = Release|Win32
		{4EC30732-57ED-4742-A9DF-D98E60C5CA0A}.Debug|Win32.ActiveCfg = Debug|Win32
		{4EC30732-57ED-4742-A9DF-D98E60C5CA0A}.Debug|Win32.Build.0 = Debug|Win32
		{4EC30732-57ED-4742-A9DF-D98E60C5CA0A}.Release|Win32.ActiveCfg = Release|Win32
		{4EC30732-57ED-4742-A9DF-D98E60C5CA0A}.Release|Win32.Build.0 = Release|Win32
		{D3291CB4-17E6-4D28-8870-DB25ACE463FA}.Debug|Win32.ActiveCfg = Debug|Win32
		{D3291CB4-17E6-4D28-8870-DB25ACE463FA}.Debug|Win32.Build.0 = Debug|Win32
		{D3291CB4-17E6-4D28-8870-DB25ACE463FA}.Release|Win32.ActiveCfg = Release|Win32
		{D3291CB4-17E6-4D28-8870-DB25ACE463FA}.Release|Win32.Build.0 = Release|Win32
		{F06529B2-7931-4E57-9145-7F7FD4BB1135}.Debug|Win32.ActiveCfg = Debug|Win32
		{F06529B2-7931-4E57-9145-7F7FD4BB1135}.Debug|Win32.Build.0 = Debug|Win32
		{F06529B2-7931-4E57-9145-7F7FD4BB1135}.Release|Win32.ActiveCfg = Release|Win32
		{F06529B2-7931-4E57-9145-7F7FD4BB1135}.Release|Win32.Build.0 = Release|Win32
		{120C5F72-8062-4AA8-B0E5-4EF8D5197C90}.Debug|Win32.ActiveCfg = Debug|Win32
		{120C5F72-8062-4AA8-B0E5-4EF8D5197C90}.Debug|Win32.Build.0 = Debug|Win32
		{120C5F72-8062-4AA8-B0E5-4EF8D5197C90}.Release|Win32.ActiveCfg = Release|Win32
		{120C5F72-8062-4AA8-B0E5-4EF8D5197C90}.Release|Win32.Build.0 = Release|Win32
		{66F0F301-53C2-46D9-918C-7F47DCBD5F08}.Debug|Win32.ActiveCfg = Debug|Win32
		{66F0F301-53C2-46D9-918C-7F47DCBD5F08}.Debug|Win32.Build.0 = Debug|Win32
		{66F0F301-53C2-46D9-918C-7F47DCBD5F08}.Release|Win32.ActiveCfg = Release|Win32
		{66F0F301-53C2-46D9-918C-7F47DCBD5F08}.Release|Win32.Build.0 = Release|Win32
		{E4674150-0292-4196-ABE6-CA1C0B2C9A01}.Debug|Win32.ActiveCfg = Debug|Win32
		{E4674150-0292-4196-ABE6-CA1C0B2C9A01}.Debug|Win32.Build.0 = Debug|Win32
		{E4674150-0292-4196-ABE6-CA1C0B2C9A01}.Release|Win32.ActiveCfg = Release|Win32
		{E4674150-0292-4196-ABE6-CA1C0B2C9A01}.Release|Win32.Build.0 = Release|Win32
	EndGlobalSection
	GlobalSection(SolutionProperties) = preSolution
		HideSolutionNode = FALSE
	EndGlobalSection
EndGlobal
