
Microsoft Visual Studio Solution File, Format Version 10.00
# Visual Studio 2008
Project("{8BC9CEB8-8B4A-11D0-8D11-00A0C91BC942}") = "RenameFiles", "RenameFiles\RenameFiles.vcproj", "{36A55424-F3FC-45BE-A7B9-F45C435FB63A}"
EndProject
Project("{8BC9CEB8-8B4A-11D0-8D11-00A0C91BC942}") = "BackupDirectory", "BackupDirectory\BackupDirectory.vcproj", "{78C1C048-52D9-4C85-BCC5-36BD95630347}"
EndProject
Project("{8BC9CEB8-8B4A-11D0-8D11-00A0C91BC942}") = "Tail", "Tail\Tail.vcproj", "{5BDA6C2D-4536-4584-9C99-B15F4C40353F}"
EndProject
Project("{8BC9CEB8-8B4A-11D0-8D11-00A0C91BC942}") = "CleanDisk", "CleanDisk\CleanDisk.vcproj", "{F742C9B7-4317-48B5-84C0-5AF04ADE6816}"
EndProject
Project("{8BC9CEB8-8B4A-11D0-8D11-00A0C91BC942}") = "ExecTime", "ExecTime\ExecTime.vcproj", "{3067F168-1EA1-4D2C-9DBC-EA6EB7824CD0}"
EndProject
Project("{8BC9CEB8-8B4A-11D0-8D11-00A0C91BC942}") = "ResizeImage", "ResizeImage\ResizeImage.vcproj", "{A1ECBA68-CB82-4ADA-BA1E-AF8654BA4B53}"
EndProject
Project("{8BC9CEB8-8B4A-11D0-8D11-00A0C91BC942}") = "RemoveBOM", "RemoveBOM\RemoveBOM.vcproj", "{8DFD6E9F-D814-4A01-AC21-5E4249C7691D}"
EndProject
Project("{8BC9CEB8-8B4A-11D0-8D11-00A0C91BC942}") = "PrintDoc", "PrintDoc\PrintDoc.vcproj", "{C08BEFBB-8E6A-4946-96C7-CFCD3CA2FF82}"
EndProject
Project("{8BC9CEB8-8B4A-11D0-8D11-00A0C91BC942}") = "RemoveSVN", "RemoveSVN\RemoveSVN.vcproj", "{BE338F7F-5A57-4E0E-B875-E6BA4102ED62}"
EndProject
Project("{8BC9CEB8-8B4A-11D0-8D11-00A0C91BC942}") = "CopyFile", "CopyFile\CopyFile.vcproj", "{157A49A3-D2EF-407F-BC17-9A846A1FD70C}"
EndProject
Project("{8BC9CEB8-8B4A-11D0-8D11-00A0C91BC942}") = "KillProcess", "KillProcess\KillProcess.vcproj", "{C9F496CC-D50C-45F9-BDD6-097BEFDFB20A}"
EndProject
Global
	GlobalSection(SolutionConfigurationPlatforms) = preSolution
		Debug|Win32 = Debug|Win32
		Release|Win32 = Release|Win32
	EndGlobalSection
	GlobalSection(ProjectConfigurationPlatforms) = postSolution
		{36A55424-F3FC-45BE-A7B9-F45C435FB63A}.Debug|Win32.ActiveCfg = Debug|Win32
		{36A55424-F3FC-45BE-A7B9-F45C435FB63A}.Debug|Win32.Build.0 = Debug|Win32
		{36A55424-F3FC-45BE-A7B9-F45C435FB63A}.Release|Win32.ActiveCfg = Release|Win32
		{36A55424-F3FC-45BE-A7B9-F45C435FB63A}.Release|Win32.Build.0 = Release|Win32
		{78C1C048-52D9-4C85-BCC5-36BD95630347}.Debug|Win32.ActiveCfg = Debug|Win32
		{78C1C048-52D9-4C85-BCC5-36BD95630347}.Debug|Win32.Build.0 = Debug|Win32
		{78C1C048-52D9-4C85-BCC5-36BD95630347}.Release|Win32.ActiveCfg = Release|Win32
		{78C1C048-52D9-4C85-BCC5-36BD95630347}.Release|Win32.Build.0 = Release|Win32
		{5BDA6C2D-4536-4584-9C99-B15F4C40353F}.Debug|Win32.ActiveCfg = Debug|Win32
		{5BDA6C2D-4536-4584-9C99-B15F4C40353F}.Debug|Win32.Build.0 = Debug|Win32
		{5BDA6C2D-4536-4584-9C99-B15F4C40353F}.Release|Win32.ActiveCfg = Release|Win32
		{5BDA6C2D-4536-4584-9C99-B15F4C40353F}.Release|Win32.Build.0 = Release|Win32
		{F742C9B7-4317-48B5-84C0-5AF04ADE6816}.Debug|Win32.ActiveCfg = Debug|Win32
		{F742C9B7-4317-48B5-84C0-5AF04ADE6816}.Debug|Win32.Build.0 = Debug|Win32
		{F742C9B7-4317-48B5-84C0-5AF04ADE6816}.Release|Win32.ActiveCfg = Release|Win32
		{F742C9B7-4317-48B5-84C0-5AF04ADE6816}.Release|Win32.Build.0 = Release|Win32
		{3067F168-1EA1-4D2C-9DBC-EA6EB7824CD0}.Debug|Win32.ActiveCfg = Debug|Win32
		{3067F168-1EA1-4D2C-9DBC-EA6EB7824CD0}.Debug|Win32.Build.0 = Debug|Win32
		{3067F168-1EA1-4D2C-9DBC-EA6EB7824CD0}.Release|Win32.ActiveCfg = Release|Win32
		{3067F168-1EA1-4D2C-9DBC-EA6EB7824CD0}.Release|Win32.Build.0 = Release|Win32
		{A1ECBA68-CB82-4ADA-BA1E-AF8654BA4B53}.Debug|Win32.ActiveCfg = Debug|Win32
		{A1ECBA68-CB82-4ADA-BA1E-AF8654BA4B53}.Debug|Win32.Build.0 = Debug|Win32
		{A1ECBA68-CB82-4ADA-BA1E-AF8654BA4B53}.Release|Win32.ActiveCfg = Release|Win32
		{A1ECBA68-CB82-4ADA-BA1E-AF8654BA4B53}.Release|Win32.Build.0 = Release|Win32
		{8DFD6E9F-D814-4A01-AC21-5E4249C7691D}.Debug|Win32.ActiveCfg = Debug|Win32
		{8DFD6E9F-D814-4A01-AC21-5E4249C7691D}.Debug|Win32.Build.0 = Debug|Win32
		{8DFD6E9F-D814-4A01-AC21-5E4249C7691D}.Release|Win32.ActiveCfg = Release|Win32
		{8DFD6E9F-D814-4A01-AC21-5E4249C7691D}.Release|Win32.Build.0 = Release|Win32
		{C08BEFBB-8E6A-4946-96C7-CFCD3CA2FF82}.Debug|Win32.ActiveCfg = Debug|Win32
		{C08BEFBB-8E6A-4946-96C7-CFCD3CA2FF82}.Debug|Win32.Build.0 = Debug|Win32
		{C08BEFBB-8E6A-4946-96C7-CFCD3CA2FF82}.Release|Win32.ActiveCfg = Release|Win32
		{C08BEFBB-8E6A-4946-96C7-CFCD3CA2FF82}.Release|Win32.Build.0 = Release|Win32
		{BE338F7F-5A57-4E0E-B875-E6BA4102ED62}.Debug|Win32.ActiveCfg = Debug|Win32
		{BE338F7F-5A57-4E0E-B875-E6BA4102ED62}.Debug|Win32.Build.0 = Debug|Win32
		{BE338F7F-5A57-4E0E-B875-E6BA4102ED62}.Release|Win32.ActiveCfg = Release|Win32
		{BE338F7F-5A57-4E0E-B875-E6BA4102ED62}.Release|Win32.Build.0 = Release|Win32
		{157A49A3-D2EF-407F-BC17-9A846A1FD70C}.Debug|Win32.ActiveCfg = Debug|Win32
		{157A49A3-D2EF-407F-BC17-9A846A1FD70C}.Debug|Win32.Build.0 = Debug|Win32
		{157A49A3-D2EF-407F-BC17-9A846A1FD70C}.Release|Win32.ActiveCfg = Release|Win32
		{157A49A3-D2EF-407F-BC17-9A846A1FD70C}.Release|Win32.Build.0 = Release|Win32
		{C9F496CC-D50C-45F9-BDD6-097BEFDFB20A}.Debug|Win32.ActiveCfg = Debug|Win32
		{C9F496CC-D50C-45F9-BDD6-097BEFDFB20A}.Debug|Win32.Build.0 = Debug|Win32
		{C9F496CC-D50C-45F9-BDD6-097BEFDFB20A}.Release|Win32.ActiveCfg = Release|Win32
		{C9F496CC-D50C-45F9-BDD6-097BEFDFB20A}.Release|Win32.Build.0 = Release|Win32
	EndGlobalSection
	GlobalSection(SolutionProperties) = preSolution
		HideSolutionNode = FALSE
	EndGlobalSection
EndGlobal
